
Microsoft Visual Studio Solution File, Format Version 12.00
# Visual Studio Version 17
VisualStudioVersion = 17.14.36705.20 d17.14
MinimumVisualStudioVersion = 10.0.40219.1
Project("{FAE04EC0-301F-11D3-BF4B-00C04F79EFBC}") = "Lab05.MVC_Hinojosa", "Lab05.MVC_Hinojosa\Lab05.MVC_Hinojosa.csproj", "{D220A669-BB07-4FDB-B269-E158192FACD5}"
EndProject
Global
	GlobalSection(SolutionConfigurationPlatforms) = preSolution
		Debug|Any CPU = Debug|Any CPU
		Release|Any CPU = Release|Any CPU
	EndGlobalSection
	GlobalSection(ProjectConfigurationPlatforms) = postSolution
		{D220A669-BB07-4FDB-B269-E158192FACD5}.Debug|Any CPU.ActiveCfg = Debug|Any CPU
		{D220A669-BB07-4FDB-B269-E158192FACD5}.Debug|Any CPU.Build.0 = Debug|Any CPU
		{D220A669-BB07-4FDB-B269-E158192FACD5}.Release|Any CPU.ActiveCfg = Release|Any CPU
		{D220A669-BB07-4FDB-B269-E158192FACD5}.Release|Any CPU.Build.0 = Release|Any CPU
	EndGlobalSection
	GlobalSection(SolutionProperties) = preSolution
		HideSolutionNode = FALSE
	EndGlobalSection
	GlobalSection(ExtensibilityGlobals) = postSolution
		SolutionGuid = {C959B79A-441E-449A-9A55-589B68AC12DF}
	EndGlobalSection
EndGlobal
