
Microsoft Visual Studio Solution File, Format Version 12.00
# Visual Studio Version 17
VisualStudioVersion = 17.14.36705.20 d17.14
MinimumVisualStudioVersion = 10.0.40219.1
Project("{FAE04EC0-301F-11D3-BF4B-00C04F79EFBC}") = "Lab01.MVC_Hinojosa", "Lab01.MVC_Hinojosa\Lab01.MVC_Hinojosa.csproj", "{921392A6-BAAA-45DD-B474-45EA88C870FD}"
EndProject
Global
	GlobalSection(SolutionConfigurationPlatforms) = preSolution
		Debug|Any CPU = Debug|Any CPU
		Release|Any CPU = Release|Any CPU
	EndGlobalSection
	GlobalSection(ProjectConfigurationPlatforms) = postSolution
		{921392A6-BAAA-45DD-B474-45EA88C870FD}.Debug|Any CPU.ActiveCfg = Debug|Any CPU
		{921392A6-BAAA-45DD-B474-45EA88C870FD}.Debug|Any CPU.Build.0 = Debug|Any CPU
		{921392A6-BAAA-45DD-B474-45EA88C870FD}.Release|Any CPU.ActiveCfg = Release|Any CPU
		{921392A6-BAAA-45DD-B474-45EA88C870FD}.Release|Any CPU.Build.0 = Release|Any CPU
	EndGlobalSection
	GlobalSection(SolutionProperties) = preSolution
		HideSolutionNode = FALSE
	EndGlobalSection
	GlobalSection(ExtensibilityGlobals) = postSolution
		SolutionGuid = {16BEE345-0BF0-4891-ABF0-38791EB8D9DE}
	EndGlobalSection
EndGlobal
