
Microsoft Visual Studio Solution File, Format Version 12.00
# Visual Studio Version 17
VisualStudioVersion = 17.14.36705.20 d17.14
MinimumVisualStudioVersion = 10.0.40219.1
Project("{FAE04EC0-301F-11D3-BF4B-00C04F79EFBC}") = "Lab02.MVC_Hinojosa", "Lab02.MVC_Hinojosa\Lab02.MVC_Hinojosa.csproj", "{F2D34F15-C9BB-4ED9-8CBE-E2B263661561}"
EndProject
Global
	GlobalSection(SolutionConfigurationPlatforms) = preSolution
		Debug|Any CPU = Debug|Any CPU
		Release|Any CPU = Release|Any CPU
	EndGlobalSection
	GlobalSection(ProjectConfigurationPlatforms) = postSolution
		{F2D34F15-C9BB-4ED9-8CBE-E2B263661561}.Debug|Any CPU.ActiveCfg = Debug|Any CPU
		{F2D34F15-C9BB-4ED9-8CBE-E2B263661561}.Debug|Any CPU.Build.0 = Debug|Any CPU
		{F2D34F15-C9BB-4ED9-8CBE-E2B263661561}.Release|Any CPU.ActiveCfg = Release|Any CPU
		{F2D34F15-C9BB-4ED9-8CBE-E2B263661561}.Release|Any CPU.Build.0 = Release|Any CPU
	EndGlobalSection
	GlobalSection(SolutionProperties) = preSolution
		HideSolutionNode = FALSE
	EndGlobalSection
	GlobalSection(ExtensibilityGlobals) = postSolution
		SolutionGuid = {645D48F9-138F-4A5B-B97B-819E2B4DADBD}
	EndGlobalSection
EndGlobal
