
Microsoft Visual Studio Solution File, Format Version 12.00
# Visual Studio Version 17
VisualStudioVersion = 17.14.36705.20 d17.14
MinimumVisualStudioVersion = 10.0.40219.1
Project("{FAE04EC0-301F-11D3-BF4B-00C04F79EFBC}") = "Lab04.MVC_Hinojosa", "Lab04.MVC_Hinojosa\Lab04.MVC_Hinojosa.csproj", "{9CB00BFE-581F-4BAD-AA5D-EF149197B784}"
EndProject
Global
	GlobalSection(SolutionConfigurationPlatforms) = preSolution
		Debug|Any CPU = Debug|Any CPU
		Release|Any CPU = Release|Any CPU
	EndGlobalSection
	GlobalSection(ProjectConfigurationPlatforms) = postSolution
		{9CB00BFE-581F-4BAD-AA5D-EF149197B784}.Debug|Any CPU.ActiveCfg = Debug|Any CPU
		{9CB00BFE-581F-4BAD-AA5D-EF149197B784}.Debug|Any CPU.Build.0 = Debug|Any CPU
		{9CB00BFE-581F-4BAD-AA5D-EF149197B784}.Release|Any CPU.ActiveCfg = Release|Any CPU
		{9CB00BFE-581F-4BAD-AA5D-EF149197B784}.Release|Any CPU.Build.0 = Release|Any CPU
	EndGlobalSection
	GlobalSection(SolutionProperties) = preSolution
		HideSolutionNode = FALSE
	EndGlobalSection
	GlobalSection(ExtensibilityGlobals) = postSolution
		SolutionGuid = {D209A870-D03C-4D94-92A6-3EBE5188C341}
	EndGlobalSection
EndGlobal
