
Microsoft Visual Studio Solution File, Format Version 12.00
# Visual Studio Version 17
VisualStudioVersion = 17.14.36414.22 d17.14
MinimumVisualStudioVersion = 10.0.40219.1
Project("{FAE04EC0-301F-11D3-BF4B-00C04F79EFBC}") = "Lab03_MVC_Hinojosa", "Lab03_MVC_Hinojosa\Lab03_MVC_Hinojosa.csproj", "{10E7AD05-634E-4805-BCFC-8A1D77E937D1}"
EndProject
Global
	GlobalSection(SolutionConfigurationPlatforms) = preSolution
		Debug|Any CPU = Debug|Any CPU
		Release|Any CPU = Release|Any CPU
	EndGlobalSection
	GlobalSection(ProjectConfigurationPlatforms) = postSolution
		{10E7AD05-634E-4805-BCFC-8A1D77E937D1}.Debug|Any CPU.ActiveCfg = Debug|Any CPU
		{10E7AD05-634E-4805-BCFC-8A1D77E937D1}.Debug|Any CPU.Build.0 = Debug|Any CPU
		{10E7AD05-634E-4805-BCFC-8A1D77E937D1}.Release|Any CPU.ActiveCfg = Release|Any CPU
		{10E7AD05-634E-4805-BCFC-8A1D77E937D1}.Release|Any CPU.Build.0 = Release|Any CPU
	EndGlobalSection
	GlobalSection(SolutionProperties) = preSolution
		HideSolutionNode = FALSE
	EndGlobalSection
	GlobalSection(ExtensibilityGlobals) = postSolution
		SolutionGuid = {51F9B765-2FA3-41AB-A519-6E7251A0F862}
	EndGlobalSection
EndGlobal
